{
  "requires": true,
  "lockfileVersion": 1,
  "dependencies": {
    "e-commerce_price": {
      "version": "1.0.3",
      "resolved": "https://registry.npmjs.org/e-commerce_price/-/e-commerce_price-1.0.3.tgz",
      "integrity": "sha512-r6eTjoWyYrD1814h0tzPi5gFnB6Lsg+rWKJJUvJZZ9FxWM8nNDHd/xi446oGBippvUufZ45V2eHl42zvQYf8/w=="
    },
    "goeasy": {
      "version": "2.1.11",
      "resolved": "https://registry.npmjs.org/goeasy/-/goeasy-2.1.11.tgz",
      "integrity": "sha512-RqGROdapl5O5EKV9lE8UQ9cXz1SDR/1MAQSyPjFpCtcT8GTwy8524dm7LQcIpxxa4btvMeKz/DTVrlz+0s2ddA=="
    },
    "moment": {
      "version": "2.29.1",
      "resolved": "https://registry.nlark.com/moment/download/moment-2.29.1.tgz",
      "integrity": "sha512-kHmoybcPV8Sqy59DwNDY3Jefr64lK/by/da0ViFcuA4DH0vQg5Q6Ze5VimxkfQNSC+Mls/Kx53s7TjP1RhFEDQ=="
    }
  }
}
